{
  "name": "furapi",
  "version": "1.0.0",
  "lockfileVersion": 1,
  "requires": true,
  "dependencies": {
    "@types/node": {
      "version": "12.7.7",
      "resolved": "https://registry.npmjs.org/@types/node/-/node-12.7.7.tgz",
      "integrity": "sha512-4jUncNe2tj1nmrO/34PsRpZqYVnRV1svbU78cKhuQKkMntKB/AmdLyGgswcZKjFHEHGpiY8pVD8CuVI55nP54w==",
      "dev": true
    },
    "centra": {
      "version": "2.4.0",
      "resolved": "https://registry.npmjs.org/centra/-/centra-2.4.0.tgz",
      "integrity": "sha512-AWmF3EHNe/noJHviynZOrdnUuQzT5AMgl9nJPXGvnzGXrI2ZvNDrEcdqskc4EtQwt2Q1IggXb0OXy7zZ1Xvvew=="
    },
    "e6api": {
      "version": "1.0.6",
      "resolved": "https://registry.npmjs.org/e6api/-/e6api-1.0.6.tgz",
      "integrity": "sha512-r7cCnX/9XpcYotd16RVhm4A4IjlwuyhB9fMC2ZLSQ8qPkKY/HOFSzahs013cvwXNmhxIY7LfQnG0vSgLId+5Pw==",
      "requires": {
        "phin": "^3.4.0"
      }
    },
    "e9api": {
      "version": "1.0.6",
      "resolved": "https://registry.npmjs.org/e9api/-/e9api-1.0.6.tgz",
      "integrity": "sha512-+Kebxk62JRO5VxxaOkkXyx7kVwfYpSzZgy1p5OcRYgUqyNrgu2Yx6z1FKZV57QVy4tcukrhDeMDts89zHng+pg==",
      "requires": {
        "phin": "^3.4.0"
      }
    },
    "foxapi": {
      "version": "1.0.1",
      "resolved": "https://registry.npmjs.org/foxapi/-/foxapi-1.0.1.tgz",
      "integrity": "sha512-xqHL9aPhxVs2WQx8/UD7Pdl+DgBeKuLmpJCFrVs7qUoBxfGfk6MMaZxZg5gNd3pcQSGVvvQDLMgiZnDqaDLj/Q==",
      "requires": {
        "phin": "^3.4.0"
      }
    },
    "furrybotapi": {
      "version": "1.0.6",
      "resolved": "https://registry.npmjs.org/furrybotapi/-/furrybotapi-1.0.6.tgz",
      "integrity": "sha512-RRY0FpN2UZK388xL/0Oftu2UetLSet40uYWasFYu75UQa6mKfzYXQrlV9Qn5HkzY/xmQlJzmhkPEyoHbb48oFg==",
      "requires": {
        "phin": "^3.4.0"
      }
    },
    "phin": {
      "version": "3.4.0",
      "resolved": "https://registry.npmjs.org/phin/-/phin-3.4.0.tgz",
      "integrity": "sha512-wueoW9X6HbzBN4AqV3Etv9kkgYyaObwPTsIYsUEmgDWiLI6SzYozEsOZ5e3Hd/9H0mrIUbqUuvOTA6SCqErJrQ==",
      "requires": {
        "centra": "^2.2.1"
      }
    }
  }
}
